{
  "name": "gdg-scanner",
  "lockfileVersion": 2,
  "requires": true,
  "packages": {
    "": {
      "dependencies": {
        "csv-parse": "^5.3.6",
        "html5-qrcode": "^2.3.7"
      }
    },
    "node_modules/csv-parse": {
      "version": "5.3.6",
      "resolved": "https://registry.npmjs.org/csv-parse/-/csv-parse-5.3.6.tgz",
      "integrity": "sha512-WI330GjCuEioK/ii8HM2YE/eV+ynpeLvU+RXw4R8bRU8R0laK5zO3fDsc4gH8s472e3Ga38rbIjCAiQh+tEHkw=="
    },
    "node_modules/html5-qrcode": {
      "version": "2.3.7",
      "resolved": "https://registry.npmjs.org/html5-qrcode/-/html5-qrcode-2.3.7.tgz",
      "integrity": "sha512-Jmlok9Ynm49hgVXkdupWryf8o430proIFoQsRl1LmTg4Rq461W72omylR9yw9tsEMtswMEw3wacUM5y0agOBQA=="
    }
  },
  "dependencies": {
    "csv-parse": {
      "version": "5.3.6",
      "resolved": "https://registry.npmjs.org/csv-parse/-/csv-parse-5.3.6.tgz",
      "integrity": "sha512-WI330GjCuEioK/ii8HM2YE/eV+ynpeLvU+RXw4R8bRU8R0laK5zO3fDsc4gH8s472e3Ga38rbIjCAiQh+tEHkw=="
    },
    "html5-qrcode": {
      "version": "2.3.7",
      "resolved": "https://registry.npmjs.org/html5-qrcode/-/html5-qrcode-2.3.7.tgz",
      "integrity": "sha512-Jmlok9Ynm49hgVXkdupWryf8o430proIFoQsRl1LmTg4Rq461W72omylR9yw9tsEMtswMEw3wacUM5y0agOBQA=="
    }
  }
}
